
Microsoft Visual Studio Solution File, Format Version 12.00
# Visual Studio Version 16
VisualStudioVersion = 16.0.31624.102
MinimumVisualStudioVersion = 10.0.40219.1
Project("{FAE04EC0-301F-11D3-BF4B-00C04F79EFBC}") = "Guestbook", "Guestbook\Guestbook.csproj", "{0849D6DB-1223-4DC7-8B88-31E3F83158EA}"
EndProject
Project("{FAE04EC0-301F-11D3-BF4B-00C04F79EFBC}") = "GuestbookTests", "GuestbookTests\GuestbookTests.csproj", "{CA86DB72-1805-4750-B131-8DDBE597F812}"
EndProject
Global
	GlobalSection(SolutionConfigurationPlatforms) = preSolution
		Debug|Any CPU = Debug|Any CPU
		Release|Any CPU = Release|Any CPU
	EndGlobalSection
	GlobalSection(ProjectConfigurationPlatforms) = postSolution
		{0849D6DB-1223-4DC7-8B88-31E3F83158EA}.Debug|Any CPU.ActiveCfg = Debug|Any CPU
		{0849D6DB-1223-4DC7-8B88-31E3F83158EA}.Debug|Any CPU.Build.0 = Debug|Any CPU
		{0849D6DB-1223-4DC7-8B88-31E3F83158EA}.Release|Any CPU.ActiveCfg = Release|Any CPU
		{0849D6DB-1223-4DC7-8B88-31E3F83158EA}.Release|Any CPU.Build.0 = Release|Any CPU
		{CA86DB72-1805-4750-B131-8DDBE597F812}.Debug|Any CPU.ActiveCfg = Debug|Any CPU
		{CA86DB72-1805-4750-B131-8DDBE597F812}.Debug|Any CPU.Build.0 = Debug|Any CPU
		{CA86DB72-1805-4750-B131-8DDBE597F812}.Release|Any CPU.ActiveCfg = Release|Any CPU
		{CA86DB72-1805-4750-B131-8DDBE597F812}.Release|Any CPU.Build.0 = Release|Any CPU
	EndGlobalSection
	GlobalSection(SolutionProperties) = preSolution
		HideSolutionNode = FALSE
	EndGlobalSection
	GlobalSection(ExtensibilityGlobals) = postSolution
		SolutionGuid = {0910A160-187F-461B-A409-84CEB2667192}
	EndGlobalSection
EndGlobal
